
Microsoft Visual Studio Solution File, Format Version 12.00
# Visual Studio 15
VisualStudioVersion = 15.0.27703.2000
MinimumVisualStudioVersion = 10.0.40219.1
Project("{FAE04EC0-301F-11D3-BF4B-00C04F79EFBC}") = "PSPFactory", "PSPFactory\PSPFactory.csproj", "{EBF20AB3-01BD-4729-B33C-A8998A036F86}"
EndProject
Project("{9A19103F-16F7-4668-BE54-9A1E7A4F7556}") = "ICarPack", "ICarPack\ICarPack.csproj", "{ACF72241-2A38-46F5-A235-AF30479A03F2}"
EndProject
Project("{9A19103F-16F7-4668-BE54-9A1E7A4F7556}") = "ElectricBicycleDiscountedBicycleRentalAgreementPack", "ElectricCarPack\ElectricBicycleDiscountedBicycleRentalAgreementPack.csproj", "{6EA14E67-FF5E-437D-B41B-3475702A6D36}"
EndProject
Project("{9A19103F-16F7-4668-BE54-9A1E7A4F7556}") = "SimpleCarRegularCarRentalAgreementPack", "SimpleCarRegularCarRentalAgreementPack\SimpleCarRegularCarRentalAgreementPack.csproj", "{0B36F035-16BD-4D36-8AE3-573F5ABF9D2E}"
EndProject
Project("{9A19103F-16F7-4668-BE54-9A1E7A4F7556}") = "IRentACarFactoryPack", "IRentACarFactoryPack\IRentACarFactoryPack.csproj", "{D92F30B5-3564-4F74-99A2-3E417113D1D1}"
EndProject
Project("{9A19103F-16F7-4668-BE54-9A1E7A4F7556}") = "ICarRentalAgreementPack", "ICarRentalAgreementPack\ICarRentalAgreementPack.csproj", "{75A9759C-3D37-4E7A-AF0A-E59A76A047E8}"
EndProject
Project("{2150E333-8FDC-42A3-9474-1A3956D46DE8}") = "Car", "Car", "{1F1FAED7-0024-4A4E-8261-7B1A4861B0C6}"
EndProject
Project("{2150E333-8FDC-42A3-9474-1A3956D46DE8}") = "Bicycle", "Bicycle", "{77CEFD57-A634-4D26-91AF-1DB9EE0A60D5}"
EndProject
Project("{2150E333-8FDC-42A3-9474-1A3956D46DE8}") = "UI", "UI", "{FB0BCBE1-6048-4C55-AFBD-8B486DC48D0D}"
EndProject
Global
	GlobalSection(SolutionConfigurationPlatforms) = preSolution
		Debug|Any CPU = Debug|Any CPU
		Release|Any CPU = Release|Any CPU
	EndGlobalSection
	GlobalSection(ProjectConfigurationPlatforms) = postSolution
		{EBF20AB3-01BD-4729-B33C-A8998A036F86}.Debug|Any CPU.ActiveCfg = Debug|Any CPU
		{EBF20AB3-01BD-4729-B33C-A8998A036F86}.Debug|Any CPU.Build.0 = Debug|Any CPU
		{EBF20AB3-01BD-4729-B33C-A8998A036F86}.Release|Any CPU.ActiveCfg = Release|Any CPU
		{EBF20AB3-01BD-4729-B33C-A8998A036F86}.Release|Any CPU.Build.0 = Release|Any CPU
		{ACF72241-2A38-46F5-A235-AF30479A03F2}.Debug|Any CPU.ActiveCfg = Debug|Any CPU
		{ACF72241-2A38-46F5-A235-AF30479A03F2}.Debug|Any CPU.Build.0 = Debug|Any CPU
		{ACF72241-2A38-46F5-A235-AF30479A03F2}.Release|Any CPU.ActiveCfg = Release|Any CPU
		{ACF72241-2A38-46F5-A235-AF30479A03F2}.Release|Any CPU.Build.0 = Release|Any CPU
		{6EA14E67-FF5E-437D-B41B-3475702A6D36}.Debug|Any CPU.ActiveCfg = Debug|Any CPU
		{6EA14E67-FF5E-437D-B41B-3475702A6D36}.Debug|Any CPU.Build.0 = Debug|Any CPU
		{6EA14E67-FF5E-437D-B41B-3475702A6D36}.Release|Any CPU.ActiveCfg = Release|Any CPU
		{6EA14E67-FF5E-437D-B41B-3475702A6D36}.Release|Any CPU.Build.0 = Release|Any CPU
		{0B36F035-16BD-4D36-8AE3-573F5ABF9D2E}.Debug|Any CPU.ActiveCfg = Debug|Any CPU
		{0B36F035-16BD-4D36-8AE3-573F5ABF9D2E}.Debug|Any CPU.Build.0 = Debug|Any CPU
		{0B36F035-16BD-4D36-8AE3-573F5ABF9D2E}.Release|Any CPU.ActiveCfg = Release|Any CPU
		{0B36F035-16BD-4D36-8AE3-573F5ABF9D2E}.Release|Any CPU.Build.0 = Release|Any CPU
		{D92F30B5-3564-4F74-99A2-3E417113D1D1}.Debug|Any CPU.ActiveCfg = Debug|Any CPU
		{D92F30B5-3564-4F74-99A2-3E417113D1D1}.Debug|Any CPU.Build.0 = Debug|Any CPU
		{D92F30B5-3564-4F74-99A2-3E417113D1D1}.Release|Any CPU.ActiveCfg = Release|Any CPU
		{D92F30B5-3564-4F74-99A2-3E417113D1D1}.Release|Any CPU.Build.0 = Release|Any CPU
		{75A9759C-3D37-4E7A-AF0A-E59A76A047E8}.Debug|Any CPU.ActiveCfg = Debug|Any CPU
		{75A9759C-3D37-4E7A-AF0A-E59A76A047E8}.Debug|Any CPU.Build.0 = Debug|Any CPU
		{75A9759C-3D37-4E7A-AF0A-E59A76A047E8}.Release|Any CPU.ActiveCfg = Release|Any CPU
		{75A9759C-3D37-4E7A-AF0A-E59A76A047E8}.Release|Any CPU.Build.0 = Release|Any CPU
	EndGlobalSection
	GlobalSection(SolutionProperties) = preSolution
		HideSolutionNode = FALSE
	EndGlobalSection
	GlobalSection(NestedProjects) = preSolution
		{ACF72241-2A38-46F5-A235-AF30479A03F2} = {1F1FAED7-0024-4A4E-8261-7B1A4861B0C6}
		{6EA14E67-FF5E-437D-B41B-3475702A6D36} = {1F1FAED7-0024-4A4E-8261-7B1A4861B0C6}
		{0B36F035-16BD-4D36-8AE3-573F5ABF9D2E} = {1F1FAED7-0024-4A4E-8261-7B1A4861B0C6}
		{D92F30B5-3564-4F74-99A2-3E417113D1D1} = {1F1FAED7-0024-4A4E-8261-7B1A4861B0C6}
		{75A9759C-3D37-4E7A-AF0A-E59A76A047E8} = {1F1FAED7-0024-4A4E-8261-7B1A4861B0C6}
	EndGlobalSection
	GlobalSection(ExtensibilityGlobals) = postSolution
		SolutionGuid = {92846D07-22B1-4BD4-8C2C-2336678E8DB4}
	EndGlobalSection
EndGlobal
