
Microsoft Visual Studio Solution File, Format Version 12.00
# Visual Studio 15
VisualStudioVersion = 15.0.27703.2000
MinimumVisualStudioVersion = 10.0.40219.1
Project("{FAE04EC0-301F-11D3-BF4B-00C04F79EFBC}") = "PSPFactory", "PSPFactory\PSPFactory.csproj", "{EBF20AB3-01BD-4729-B33C-A8998A036F86}"
EndProject
Project("{9A19103F-16F7-4668-BE54-9A1E7A4F7556}") = "SimpleCarRegularCarRentalAgreementPack", "SimpleCarRegularCarRentalAgreementPack\SimpleCarRegularCarRentalAgreementPack.csproj", "{0B36F035-16BD-4D36-8AE3-573F5ABF9D2E}"
EndProject
Project("{2150E333-8FDC-42A3-9474-1A3956D46DE8}") = "Car", "Car", "{1F1FAED7-0024-4A4E-8261-7B1A4861B0C6}"
EndProject
Project("{2150E333-8FDC-42A3-9474-1A3956D46DE8}") = "Bicycle", "Bicycle", "{77CEFD57-A634-4D26-91AF-1DB9EE0A60D5}"
EndProject
Project("{2150E333-8FDC-42A3-9474-1A3956D46DE8}") = "UI", "UI", "{FB0BCBE1-6048-4C55-AFBD-8B486DC48D0D}"
EndProject
Project("{9A19103F-16F7-4668-BE54-9A1E7A4F7556}") = "ElectricBicycleDiscountedBicycleRentalAgreementPack", "ElectricBicycleDiscountedBicycleRentalAgreementPack\ElectricBicycleDiscountedBicycleRentalAgreementPack.csproj", "{34819ADE-4100-4B90-8260-F45837FF74F2}"
EndProject
Project("{9A19103F-16F7-4668-BE54-9A1E7A4F7556}") = "IRentABicycleApiPack", "IRentABicycleApiPack\IRentABicycleApiPack.csproj", "{D38AB606-15C4-4099-8160-1E78CBA7549B}"
EndProject
Project("{9A19103F-16F7-4668-BE54-9A1E7A4F7556}") = "IRentACarApiPack", "IRentACarApiPack\IRentACarApiPack.csproj", "{7C008291-E620-4A82-856F-BA44DAD0FD71}"
EndProject
Project("{9A19103F-16F7-4668-BE54-9A1E7A4F7556}") = "SimpleBicycleRegularBicycleRentalAgreementPack", "SimpleBicycleRegularBicycleRentalAgreementPack\SimpleBicycleRegularBicycleRentalAgreementPack.csproj", "{8D7A33D1-0FC1-4EFB-827A-7378DCF2FEAD}"
EndProject
Project("{FAE04EC0-301F-11D3-BF4B-00C04F79EFBC}") = "ClassLibrary1ElectricBicycleDiscountedBicycleRentalAgreementPack", "ClassLibrary1ElectricBicycleDiscountedBicycleRentalAgreementPack\ClassLibrary1ElectricBicycleDiscountedBicycleRentalAgreementPack.csproj", "{3B4092E8-40E1-49A5-9F1A-71EC5F09A234}"
EndProject
Global
	GlobalSection(SolutionConfigurationPlatforms) = preSolution
		Debug|Any CPU = Debug|Any CPU
		Release|Any CPU = Release|Any CPU
	EndGlobalSection
	GlobalSection(ProjectConfigurationPlatforms) = postSolution
		{EBF20AB3-01BD-4729-B33C-A8998A036F86}.Debug|Any CPU.ActiveCfg = Debug|Any CPU
		{EBF20AB3-01BD-4729-B33C-A8998A036F86}.Debug|Any CPU.Build.0 = Debug|Any CPU
		{EBF20AB3-01BD-4729-B33C-A8998A036F86}.Release|Any CPU.ActiveCfg = Release|Any CPU
		{EBF20AB3-01BD-4729-B33C-A8998A036F86}.Release|Any CPU.Build.0 = Release|Any CPU
		{0B36F035-16BD-4D36-8AE3-573F5ABF9D2E}.Debug|Any CPU.ActiveCfg = Debug|Any CPU
		{0B36F035-16BD-4D36-8AE3-573F5ABF9D2E}.Debug|Any CPU.Build.0 = Debug|Any CPU
		{0B36F035-16BD-4D36-8AE3-573F5ABF9D2E}.Release|Any CPU.ActiveCfg = Release|Any CPU
		{0B36F035-16BD-4D36-8AE3-573F5ABF9D2E}.Release|Any CPU.Build.0 = Release|Any CPU
		{34819ADE-4100-4B90-8260-F45837FF74F2}.Debug|Any CPU.ActiveCfg = Debug|Any CPU
		{34819ADE-4100-4B90-8260-F45837FF74F2}.Debug|Any CPU.Build.0 = Debug|Any CPU
		{34819ADE-4100-4B90-8260-F45837FF74F2}.Release|Any CPU.ActiveCfg = Release|Any CPU
		{34819ADE-4100-4B90-8260-F45837FF74F2}.Release|Any CPU.Build.0 = Release|Any CPU
		{D38AB606-15C4-4099-8160-1E78CBA7549B}.Debug|Any CPU.ActiveCfg = Debug|Any CPU
		{D38AB606-15C4-4099-8160-1E78CBA7549B}.Debug|Any CPU.Build.0 = Debug|Any CPU
		{D38AB606-15C4-4099-8160-1E78CBA7549B}.Release|Any CPU.ActiveCfg = Release|Any CPU
		{D38AB606-15C4-4099-8160-1E78CBA7549B}.Release|Any CPU.Build.0 = Release|Any CPU
		{7C008291-E620-4A82-856F-BA44DAD0FD71}.Debug|Any CPU.ActiveCfg = Debug|Any CPU
		{7C008291-E620-4A82-856F-BA44DAD0FD71}.Debug|Any CPU.Build.0 = Debug|Any CPU
		{7C008291-E620-4A82-856F-BA44DAD0FD71}.Release|Any CPU.ActiveCfg = Release|Any CPU
		{7C008291-E620-4A82-856F-BA44DAD0FD71}.Release|Any CPU.Build.0 = Release|Any CPU
		{8D7A33D1-0FC1-4EFB-827A-7378DCF2FEAD}.Debug|Any CPU.ActiveCfg = Debug|Any CPU
		{8D7A33D1-0FC1-4EFB-827A-7378DCF2FEAD}.Debug|Any CPU.Build.0 = Debug|Any CPU
		{8D7A33D1-0FC1-4EFB-827A-7378DCF2FEAD}.Release|Any CPU.ActiveCfg = Release|Any CPU
		{8D7A33D1-0FC1-4EFB-827A-7378DCF2FEAD}.Release|Any CPU.Build.0 = Release|Any CPU
		{3B4092E8-40E1-49A5-9F1A-71EC5F09A234}.Debug|Any CPU.ActiveCfg = Debug|Any CPU
		{3B4092E8-40E1-49A5-9F1A-71EC5F09A234}.Debug|Any CPU.Build.0 = Debug|Any CPU
		{3B4092E8-40E1-49A5-9F1A-71EC5F09A234}.Release|Any CPU.ActiveCfg = Release|Any CPU
		{3B4092E8-40E1-49A5-9F1A-71EC5F09A234}.Release|Any CPU.Build.0 = Release|Any CPU
	EndGlobalSection
	GlobalSection(SolutionProperties) = preSolution
		HideSolutionNode = FALSE
	EndGlobalSection
	GlobalSection(NestedProjects) = preSolution
		{0B36F035-16BD-4D36-8AE3-573F5ABF9D2E} = {1F1FAED7-0024-4A4E-8261-7B1A4861B0C6}
		{34819ADE-4100-4B90-8260-F45837FF74F2} = {1F1FAED7-0024-4A4E-8261-7B1A4861B0C6}
		{D38AB606-15C4-4099-8160-1E78CBA7549B} = {77CEFD57-A634-4D26-91AF-1DB9EE0A60D5}
		{7C008291-E620-4A82-856F-BA44DAD0FD71} = {1F1FAED7-0024-4A4E-8261-7B1A4861B0C6}
		{8D7A33D1-0FC1-4EFB-827A-7378DCF2FEAD} = {77CEFD57-A634-4D26-91AF-1DB9EE0A60D5}
		{3B4092E8-40E1-49A5-9F1A-71EC5F09A234} = {77CEFD57-A634-4D26-91AF-1DB9EE0A60D5}
	EndGlobalSection
	GlobalSection(ExtensibilityGlobals) = postSolution
		SolutionGuid = {92846D07-22B1-4BD4-8C2C-2336678E8DB4}
	EndGlobalSection
EndGlobal
