
Microsoft Visual Studio Solution File, Format Version 12.00
# Visual Studio 15
VisualStudioVersion = 15.0.27703.2000
MinimumVisualStudioVersion = 10.0.40219.1
Project("{FAE04EC0-301F-11D3-BF4B-00C04F79EFBC}") = "PSPFactory", "PSPFactory\PSPFactory.csproj", "{EBF20AB3-01BD-4729-B33C-A8998A036F86}"
EndProject
Project("{9A19103F-16F7-4668-BE54-9A1E7A4F7556}") = "SimpleCarRegularCarRentalAgreementPack", "SimpleCarRegularCarRentalAgreementPack\SimpleCarRegularCarRentalAgreementPack.csproj", "{0B36F035-16BD-4D36-8AE3-573F5ABF9D2E}"
EndProject
Project("{2150E333-8FDC-42A3-9474-1A3956D46DE8}") = "Car", "Car", "{1F1FAED7-0024-4A4E-8261-7B1A4861B0C6}"
EndProject
Project("{2150E333-8FDC-42A3-9474-1A3956D46DE8}") = "Bicycle", "Bicycle", "{77CEFD57-A634-4D26-91AF-1DB9EE0A60D5}"
EndProject
Project("{2150E333-8FDC-42A3-9474-1A3956D46DE8}") = "UI", "UI", "{FB0BCBE1-6048-4C55-AFBD-8B486DC48D0D}"
EndProject
Project("{9A19103F-16F7-4668-BE54-9A1E7A4F7556}") = "IRentABicycleApiPack", "IRentABicycleApiPack\IRentABicycleApiPack.csproj", "{D38AB606-15C4-4099-8160-1E78CBA7549B}"
EndProject
Project("{9A19103F-16F7-4668-BE54-9A1E7A4F7556}") = "IRentACarApiPack", "IRentACarApiPack\IRentACarApiPack.csproj", "{7C008291-E620-4A82-856F-BA44DAD0FD71}"
EndProject
Project("{9A19103F-16F7-4668-BE54-9A1E7A4F7556}") = "SimpleBicycleRegularBicycleRentalAgreementPack", "SimpleBicycleRegularBicycleRentalAgreementPack\SimpleBicycleRegularBicycleRentalAgreementPack.csproj", "{8D7A33D1-0FC1-4EFB-827A-7378DCF2FEAD}"
EndProject
Project("{9A19103F-16F7-4668-BE54-9A1E7A4F7556}") = "ElectricCarDiscountedRentalAgreementPack", "ElectricCarDiscountedRentalAgreementPack\ElectricCarDiscountedRentalAgreementPack.csproj", "{2D264DE8-58F6-4765-B478-E8660A821E69}"
EndProject
Project("{9A19103F-16F7-4668-BE54-9A1E7A4F7556}") = "ElectricBicycleDiscountedRentalAgreementPack", "ElectricBicycleDiscountedRentalAgreementPack\ElectricBicycleDiscountedRentalAgreementPack.csproj", "{7E802561-0C21-4E20-B10C-89FFE4AA471F}"
EndProject
Project("{2150E333-8FDC-42A3-9474-1A3956D46DE8}") = "Entities", "Entities", "{A7788C59-5739-4560-9FFD-A46A008E3B01}"
EndProject
Project("{2150E333-8FDC-42A3-9474-1A3956D46DE8}") = "Bicycle", "Bicycle", "{311EBC07-89D9-40A0-A05B-A41CF0A457F5}"
EndProject
Project("{2150E333-8FDC-42A3-9474-1A3956D46DE8}") = "Repository", "Repository", "{5790BC85-534C-431C-9448-0DBD0CAA2D9C}"
EndProject
Project("{2150E333-8FDC-42A3-9474-1A3956D46DE8}") = "Car", "Car", "{E0D9D7A9-ABFB-47D4-9C4B-E8010B06A193}"
EndProject
Project("{9A19103F-16F7-4668-BE54-9A1E7A4F7556}") = "RentACarRepositoryPack", "RentACarRepositoryPack\RentACarRepositoryPack.csproj", "{16171143-913A-4E05-A1AD-9A65834EF34F}"
EndProject
Project("{9A19103F-16F7-4668-BE54-9A1E7A4F7556}") = "RentABicycleRepositoryPack", "RentABicycleRepositoryPack\RentABicycleRepositoryPack.csproj", "{D09A3A33-7E59-4921-BA4F-DE6775D4C900}"
EndProject
Project("{9A19103F-16F7-4668-BE54-9A1E7A4F7556}") = "RepositionAPIPack", "RepositionAPIPack\RepositionAPIPack.csproj", "{704A9920-BA70-49F2-BFC0-338F1257573A}"
EndProject
Project("{2150E333-8FDC-42A3-9474-1A3956D46DE8}") = "Domain Service", "Domain Service", "{62D7972B-01AF-475D-9718-254848A8D67F}"
EndProject
Project("{2150E333-8FDC-42A3-9474-1A3956D46DE8}") = "Bicycle", "Bicycle", "{FC37046C-A83B-4BE2-8B4D-F072C57A5CC8}"
EndProject
Project("{2150E333-8FDC-42A3-9474-1A3956D46DE8}") = "Car", "Car", "{0FD21B9B-6BBD-4989-B95C-A133B4302A51}"
EndProject
Project("{9A19103F-16F7-4668-BE54-9A1E7A4F7556}") = "ICarRentServiceAPIPack", "ICarRentServiceAPIPack\ICarRentServiceAPIPack.csproj", "{59ACFF5E-0036-4351-A2A2-C47A836B4D39}"
EndProject
Project("{9A19103F-16F7-4668-BE54-9A1E7A4F7556}") = "IBicycleRentServiceAPIPack", "IBicycleRentServiceAPIPack\IBicycleRentServiceAPIPack.csproj", "{CB333286-A660-4F68-8E78-983202D4D65D}"
EndProject
Project("{9A19103F-16F7-4668-BE54-9A1E7A4F7556}") = "SimpleCarServicePack", "SimpleCarServicePack\SimpleCarServicePack.csproj", "{9B333AD1-D184-4336-8BDF-D1361D7B2B57}"
EndProject
Project("{9A19103F-16F7-4668-BE54-9A1E7A4F7556}") = "ElectricCarServicePack", "ElectricCarServicePack\ElectricCarServicePack.csproj", "{E2FCA59B-C5FA-4276-9FDF-7E341CA74329}"
EndProject
Project("{9A19103F-16F7-4668-BE54-9A1E7A4F7556}") = "RegularCarRentalAgreementServicePack", "RegularCarRentalAgreementServicePack\RegularCarRentalAgreementServicePack.csproj", "{B93EC227-7BBA-49D9-924B-88E2E5B5A639}"
EndProject
Project("{9A19103F-16F7-4668-BE54-9A1E7A4F7556}") = "DiscountedCarRentalAgreementServicePack", "DiscountedCarRentalAgreementServicePack\DiscountedCarRentalAgreementServicePack.csproj", "{A7F5795B-7D36-465E-BAC2-380DCF41FC2A}"
EndProject
Project("{2150E333-8FDC-42A3-9474-1A3956D46DE8}") = "Fasade", "Fasade", "{5C13B7A9-C904-4C74-BBE5-0FC3909E0E97}"
EndProject
Project("{2150E333-8FDC-42A3-9474-1A3956D46DE8}") = "Controlers", "Controlers", "{822BD75B-03CF-4D51-BAD5-4D76B7BE3D29}"
EndProject
Project("{2150E333-8FDC-42A3-9474-1A3956D46DE8}") = "Bicycle", "Bicycle", "{E423DDE0-EB79-4056-A8A1-8B3738DB5643}"
EndProject
Project("{2150E333-8FDC-42A3-9474-1A3956D46DE8}") = "Car", "Car", "{8F10D209-7537-4598-9803-46DA8FE3F69C}"
EndProject
Project("{9A19103F-16F7-4668-BE54-9A1E7A4F7556}") = "RentCarUntilMonthFasadePack", "RentCarUntilMonthFasadePack\RentCarUntilMonthFasadePack.csproj", "{5C0CF863-E8E5-4A65-A741-2C85A9C30313}"
EndProject
Project("{9A19103F-16F7-4668-BE54-9A1E7A4F7556}") = "RentCarUntilDayFasadePack", "RentCarUntilDayFasadePack\RentCarUntilDayFasadePack.csproj", "{FD8BDC44-A5A3-4433-AC42-28ACF94029F2}"
EndProject
Project("{9A19103F-16F7-4668-BE54-9A1E7A4F7556}") = "IRentACarFasadePack", "IRentACarFasadePack\IRentACarFasadePack.csproj", "{D58F00C6-CAD2-4A56-9604-DED1D6B04098}"
EndProject
Project("{FAE04EC0-301F-11D3-BF4B-00C04F79EFBC}") = "IRentABicycleFasadePack", "IRentABicycleFasadePack\IRentABicycleFasadePack.csproj", "{BBBDCFA3-1947-44EF-A92B-D883F0DEC53D}"
EndProject
Project("{FAE04EC0-301F-11D3-BF4B-00C04F79EFBC}") = "RentBicycleUntilDayFasadePack", "RentBicycleUntilDayFasadePack\RentBicycleUntilDayFasadePack.csproj", "{99438693-4E9E-41D2-8EFF-F64CB9D04048}"
EndProject
Project("{FAE04EC0-301F-11D3-BF4B-00C04F79EFBC}") = "RentBicycleUntilMonthFasadePack", "RentBicycleUntilMonthFasadePack\RentBicycleUntilMonthFasadePack.csproj", "{DB967EAC-CB23-45B5-9810-EAD9741D8116}"
EndProject
Project("{FAE04EC0-301F-11D3-BF4B-00C04F79EFBC}") = "CarManagedControllerAPIPack", "CarManagedControlerAPIPack\CarManagedControllerAPIPack.csproj", "{F5E342A7-F7DF-4EA5-BBB7-69B5F9BBF158}"
EndProject
Project("{FAE04EC0-301F-11D3-BF4B-00C04F79EFBC}") = "CarManagedControllerPack", "CarManagedController\CarManagedControllerPack.csproj", "{1055B9B0-594A-498F-824D-B60FBE7A6C87}"
EndProject
Global
	GlobalSection(SolutionConfigurationPlatforms) = preSolution
		Debug|Any CPU = Debug|Any CPU
		Release|Any CPU = Release|Any CPU
	EndGlobalSection
	GlobalSection(ProjectConfigurationPlatforms) = postSolution
		{EBF20AB3-01BD-4729-B33C-A8998A036F86}.Debug|Any CPU.ActiveCfg = Debug|Any CPU
		{EBF20AB3-01BD-4729-B33C-A8998A036F86}.Debug|Any CPU.Build.0 = Debug|Any CPU
		{EBF20AB3-01BD-4729-B33C-A8998A036F86}.Release|Any CPU.ActiveCfg = Release|Any CPU
		{EBF20AB3-01BD-4729-B33C-A8998A036F86}.Release|Any CPU.Build.0 = Release|Any CPU
		{0B36F035-16BD-4D36-8AE3-573F5ABF9D2E}.Debug|Any CPU.ActiveCfg = Debug|Any CPU
		{0B36F035-16BD-4D36-8AE3-573F5ABF9D2E}.Debug|Any CPU.Build.0 = Debug|Any CPU
		{0B36F035-16BD-4D36-8AE3-573F5ABF9D2E}.Release|Any CPU.ActiveCfg = Release|Any CPU
		{0B36F035-16BD-4D36-8AE3-573F5ABF9D2E}.Release|Any CPU.Build.0 = Release|Any CPU
		{D38AB606-15C4-4099-8160-1E78CBA7549B}.Debug|Any CPU.ActiveCfg = Debug|Any CPU
		{D38AB606-15C4-4099-8160-1E78CBA7549B}.Debug|Any CPU.Build.0 = Debug|Any CPU
		{D38AB606-15C4-4099-8160-1E78CBA7549B}.Release|Any CPU.ActiveCfg = Release|Any CPU
		{D38AB606-15C4-4099-8160-1E78CBA7549B}.Release|Any CPU.Build.0 = Release|Any CPU
		{7C008291-E620-4A82-856F-BA44DAD0FD71}.Debug|Any CPU.ActiveCfg = Debug|Any CPU
		{7C008291-E620-4A82-856F-BA44DAD0FD71}.Debug|Any CPU.Build.0 = Debug|Any CPU
		{7C008291-E620-4A82-856F-BA44DAD0FD71}.Release|Any CPU.ActiveCfg = Release|Any CPU
		{7C008291-E620-4A82-856F-BA44DAD0FD71}.Release|Any CPU.Build.0 = Release|Any CPU
		{8D7A33D1-0FC1-4EFB-827A-7378DCF2FEAD}.Debug|Any CPU.ActiveCfg = Debug|Any CPU
		{8D7A33D1-0FC1-4EFB-827A-7378DCF2FEAD}.Debug|Any CPU.Build.0 = Debug|Any CPU
		{8D7A33D1-0FC1-4EFB-827A-7378DCF2FEAD}.Release|Any CPU.ActiveCfg = Release|Any CPU
		{8D7A33D1-0FC1-4EFB-827A-7378DCF2FEAD}.Release|Any CPU.Build.0 = Release|Any CPU
		{2D264DE8-58F6-4765-B478-E8660A821E69}.Debug|Any CPU.ActiveCfg = Debug|Any CPU
		{2D264DE8-58F6-4765-B478-E8660A821E69}.Debug|Any CPU.Build.0 = Debug|Any CPU
		{2D264DE8-58F6-4765-B478-E8660A821E69}.Release|Any CPU.ActiveCfg = Release|Any CPU
		{2D264DE8-58F6-4765-B478-E8660A821E69}.Release|Any CPU.Build.0 = Release|Any CPU
		{7E802561-0C21-4E20-B10C-89FFE4AA471F}.Debug|Any CPU.ActiveCfg = Debug|Any CPU
		{7E802561-0C21-4E20-B10C-89FFE4AA471F}.Debug|Any CPU.Build.0 = Debug|Any CPU
		{7E802561-0C21-4E20-B10C-89FFE4AA471F}.Release|Any CPU.ActiveCfg = Release|Any CPU
		{7E802561-0C21-4E20-B10C-89FFE4AA471F}.Release|Any CPU.Build.0 = Release|Any CPU
		{16171143-913A-4E05-A1AD-9A65834EF34F}.Debug|Any CPU.ActiveCfg = Debug|Any CPU
		{16171143-913A-4E05-A1AD-9A65834EF34F}.Debug|Any CPU.Build.0 = Debug|Any CPU
		{16171143-913A-4E05-A1AD-9A65834EF34F}.Release|Any CPU.ActiveCfg = Release|Any CPU
		{16171143-913A-4E05-A1AD-9A65834EF34F}.Release|Any CPU.Build.0 = Release|Any CPU
		{D09A3A33-7E59-4921-BA4F-DE6775D4C900}.Debug|Any CPU.ActiveCfg = Debug|Any CPU
		{D09A3A33-7E59-4921-BA4F-DE6775D4C900}.Debug|Any CPU.Build.0 = Debug|Any CPU
		{D09A3A33-7E59-4921-BA4F-DE6775D4C900}.Release|Any CPU.ActiveCfg = Release|Any CPU
		{D09A3A33-7E59-4921-BA4F-DE6775D4C900}.Release|Any CPU.Build.0 = Release|Any CPU
		{704A9920-BA70-49F2-BFC0-338F1257573A}.Debug|Any CPU.ActiveCfg = Debug|Any CPU
		{704A9920-BA70-49F2-BFC0-338F1257573A}.Debug|Any CPU.Build.0 = Debug|Any CPU
		{704A9920-BA70-49F2-BFC0-338F1257573A}.Release|Any CPU.ActiveCfg = Release|Any CPU
		{704A9920-BA70-49F2-BFC0-338F1257573A}.Release|Any CPU.Build.0 = Release|Any CPU
		{59ACFF5E-0036-4351-A2A2-C47A836B4D39}.Debug|Any CPU.ActiveCfg = Debug|Any CPU
		{59ACFF5E-0036-4351-A2A2-C47A836B4D39}.Debug|Any CPU.Build.0 = Debug|Any CPU
		{59ACFF5E-0036-4351-A2A2-C47A836B4D39}.Release|Any CPU.ActiveCfg = Release|Any CPU
		{59ACFF5E-0036-4351-A2A2-C47A836B4D39}.Release|Any CPU.Build.0 = Release|Any CPU
		{CB333286-A660-4F68-8E78-983202D4D65D}.Debug|Any CPU.ActiveCfg = Debug|Any CPU
		{CB333286-A660-4F68-8E78-983202D4D65D}.Debug|Any CPU.Build.0 = Debug|Any CPU
		{CB333286-A660-4F68-8E78-983202D4D65D}.Release|Any CPU.ActiveCfg = Release|Any CPU
		{CB333286-A660-4F68-8E78-983202D4D65D}.Release|Any CPU.Build.0 = Release|Any CPU
		{9B333AD1-D184-4336-8BDF-D1361D7B2B57}.Debug|Any CPU.ActiveCfg = Debug|Any CPU
		{9B333AD1-D184-4336-8BDF-D1361D7B2B57}.Debug|Any CPU.Build.0 = Debug|Any CPU
		{9B333AD1-D184-4336-8BDF-D1361D7B2B57}.Release|Any CPU.ActiveCfg = Release|Any CPU
		{9B333AD1-D184-4336-8BDF-D1361D7B2B57}.Release|Any CPU.Build.0 = Release|Any CPU
		{E2FCA59B-C5FA-4276-9FDF-7E341CA74329}.Debug|Any CPU.ActiveCfg = Debug|Any CPU
		{E2FCA59B-C5FA-4276-9FDF-7E341CA74329}.Debug|Any CPU.Build.0 = Debug|Any CPU
		{E2FCA59B-C5FA-4276-9FDF-7E341CA74329}.Release|Any CPU.ActiveCfg = Release|Any CPU
		{E2FCA59B-C5FA-4276-9FDF-7E341CA74329}.Release|Any CPU.Build.0 = Release|Any CPU
		{B93EC227-7BBA-49D9-924B-88E2E5B5A639}.Debug|Any CPU.ActiveCfg = Debug|Any CPU
		{B93EC227-7BBA-49D9-924B-88E2E5B5A639}.Debug|Any CPU.Build.0 = Debug|Any CPU
		{B93EC227-7BBA-49D9-924B-88E2E5B5A639}.Release|Any CPU.ActiveCfg = Release|Any CPU
		{B93EC227-7BBA-49D9-924B-88E2E5B5A639}.Release|Any CPU.Build.0 = Release|Any CPU
		{A7F5795B-7D36-465E-BAC2-380DCF41FC2A}.Debug|Any CPU.ActiveCfg = Debug|Any CPU
		{A7F5795B-7D36-465E-BAC2-380DCF41FC2A}.Debug|Any CPU.Build.0 = Debug|Any CPU
		{A7F5795B-7D36-465E-BAC2-380DCF41FC2A}.Release|Any CPU.ActiveCfg = Release|Any CPU
		{A7F5795B-7D36-465E-BAC2-380DCF41FC2A}.Release|Any CPU.Build.0 = Release|Any CPU
		{5C0CF863-E8E5-4A65-A741-2C85A9C30313}.Debug|Any CPU.ActiveCfg = Debug|Any CPU
		{5C0CF863-E8E5-4A65-A741-2C85A9C30313}.Debug|Any CPU.Build.0 = Debug|Any CPU
		{5C0CF863-E8E5-4A65-A741-2C85A9C30313}.Release|Any CPU.ActiveCfg = Release|Any CPU
		{5C0CF863-E8E5-4A65-A741-2C85A9C30313}.Release|Any CPU.Build.0 = Release|Any CPU
		{FD8BDC44-A5A3-4433-AC42-28ACF94029F2}.Debug|Any CPU.ActiveCfg = Debug|Any CPU
		{FD8BDC44-A5A3-4433-AC42-28ACF94029F2}.Debug|Any CPU.Build.0 = Debug|Any CPU
		{FD8BDC44-A5A3-4433-AC42-28ACF94029F2}.Release|Any CPU.ActiveCfg = Release|Any CPU
		{FD8BDC44-A5A3-4433-AC42-28ACF94029F2}.Release|Any CPU.Build.0 = Release|Any CPU
		{D58F00C6-CAD2-4A56-9604-DED1D6B04098}.Debug|Any CPU.ActiveCfg = Debug|Any CPU
		{D58F00C6-CAD2-4A56-9604-DED1D6B04098}.Debug|Any CPU.Build.0 = Debug|Any CPU
		{D58F00C6-CAD2-4A56-9604-DED1D6B04098}.Release|Any CPU.ActiveCfg = Release|Any CPU
		{D58F00C6-CAD2-4A56-9604-DED1D6B04098}.Release|Any CPU.Build.0 = Release|Any CPU
		{BBBDCFA3-1947-44EF-A92B-D883F0DEC53D}.Debug|Any CPU.ActiveCfg = Debug|Any CPU
		{BBBDCFA3-1947-44EF-A92B-D883F0DEC53D}.Debug|Any CPU.Build.0 = Debug|Any CPU
		{BBBDCFA3-1947-44EF-A92B-D883F0DEC53D}.Release|Any CPU.ActiveCfg = Release|Any CPU
		{BBBDCFA3-1947-44EF-A92B-D883F0DEC53D}.Release|Any CPU.Build.0 = Release|Any CPU
		{99438693-4E9E-41D2-8EFF-F64CB9D04048}.Debug|Any CPU.ActiveCfg = Debug|Any CPU
		{99438693-4E9E-41D2-8EFF-F64CB9D04048}.Debug|Any CPU.Build.0 = Debug|Any CPU
		{99438693-4E9E-41D2-8EFF-F64CB9D04048}.Release|Any CPU.ActiveCfg = Release|Any CPU
		{99438693-4E9E-41D2-8EFF-F64CB9D04048}.Release|Any CPU.Build.0 = Release|Any CPU
		{DB967EAC-CB23-45B5-9810-EAD9741D8116}.Debug|Any CPU.ActiveCfg = Debug|Any CPU
		{DB967EAC-CB23-45B5-9810-EAD9741D8116}.Debug|Any CPU.Build.0 = Debug|Any CPU
		{DB967EAC-CB23-45B5-9810-EAD9741D8116}.Release|Any CPU.ActiveCfg = Release|Any CPU
		{DB967EAC-CB23-45B5-9810-EAD9741D8116}.Release|Any CPU.Build.0 = Release|Any CPU
		{F5E342A7-F7DF-4EA5-BBB7-69B5F9BBF158}.Debug|Any CPU.ActiveCfg = Debug|Any CPU
		{F5E342A7-F7DF-4EA5-BBB7-69B5F9BBF158}.Debug|Any CPU.Build.0 = Debug|Any CPU
		{F5E342A7-F7DF-4EA5-BBB7-69B5F9BBF158}.Release|Any CPU.ActiveCfg = Release|Any CPU
		{F5E342A7-F7DF-4EA5-BBB7-69B5F9BBF158}.Release|Any CPU.Build.0 = Release|Any CPU
		{1055B9B0-594A-498F-824D-B60FBE7A6C87}.Debug|Any CPU.ActiveCfg = Debug|Any CPU
		{1055B9B0-594A-498F-824D-B60FBE7A6C87}.Debug|Any CPU.Build.0 = Debug|Any CPU
		{1055B9B0-594A-498F-824D-B60FBE7A6C87}.Release|Any CPU.ActiveCfg = Release|Any CPU
		{1055B9B0-594A-498F-824D-B60FBE7A6C87}.Release|Any CPU.Build.0 = Release|Any CPU
	EndGlobalSection
	GlobalSection(SolutionProperties) = preSolution
		HideSolutionNode = FALSE
	EndGlobalSection
	GlobalSection(NestedProjects) = preSolution
		{EBF20AB3-01BD-4729-B33C-A8998A036F86} = {FB0BCBE1-6048-4C55-AFBD-8B486DC48D0D}
		{0B36F035-16BD-4D36-8AE3-573F5ABF9D2E} = {1F1FAED7-0024-4A4E-8261-7B1A4861B0C6}
		{1F1FAED7-0024-4A4E-8261-7B1A4861B0C6} = {A7788C59-5739-4560-9FFD-A46A008E3B01}
		{77CEFD57-A634-4D26-91AF-1DB9EE0A60D5} = {A7788C59-5739-4560-9FFD-A46A008E3B01}
		{D38AB606-15C4-4099-8160-1E78CBA7549B} = {77CEFD57-A634-4D26-91AF-1DB9EE0A60D5}
		{7C008291-E620-4A82-856F-BA44DAD0FD71} = {1F1FAED7-0024-4A4E-8261-7B1A4861B0C6}
		{8D7A33D1-0FC1-4EFB-827A-7378DCF2FEAD} = {77CEFD57-A634-4D26-91AF-1DB9EE0A60D5}
		{2D264DE8-58F6-4765-B478-E8660A821E69} = {1F1FAED7-0024-4A4E-8261-7B1A4861B0C6}
		{7E802561-0C21-4E20-B10C-89FFE4AA471F} = {77CEFD57-A634-4D26-91AF-1DB9EE0A60D5}
		{311EBC07-89D9-40A0-A05B-A41CF0A457F5} = {5790BC85-534C-431C-9448-0DBD0CAA2D9C}
		{E0D9D7A9-ABFB-47D4-9C4B-E8010B06A193} = {5790BC85-534C-431C-9448-0DBD0CAA2D9C}
		{16171143-913A-4E05-A1AD-9A65834EF34F} = {E0D9D7A9-ABFB-47D4-9C4B-E8010B06A193}
		{D09A3A33-7E59-4921-BA4F-DE6775D4C900} = {311EBC07-89D9-40A0-A05B-A41CF0A457F5}
		{704A9920-BA70-49F2-BFC0-338F1257573A} = {5790BC85-534C-431C-9448-0DBD0CAA2D9C}
		{FC37046C-A83B-4BE2-8B4D-F072C57A5CC8} = {62D7972B-01AF-475D-9718-254848A8D67F}
		{0FD21B9B-6BBD-4989-B95C-A133B4302A51} = {62D7972B-01AF-475D-9718-254848A8D67F}
		{59ACFF5E-0036-4351-A2A2-C47A836B4D39} = {0FD21B9B-6BBD-4989-B95C-A133B4302A51}
		{CB333286-A660-4F68-8E78-983202D4D65D} = {FC37046C-A83B-4BE2-8B4D-F072C57A5CC8}
		{9B333AD1-D184-4336-8BDF-D1361D7B2B57} = {62D7972B-01AF-475D-9718-254848A8D67F}
		{E2FCA59B-C5FA-4276-9FDF-7E341CA74329} = {62D7972B-01AF-475D-9718-254848A8D67F}
		{B93EC227-7BBA-49D9-924B-88E2E5B5A639} = {62D7972B-01AF-475D-9718-254848A8D67F}
		{A7F5795B-7D36-465E-BAC2-380DCF41FC2A} = {62D7972B-01AF-475D-9718-254848A8D67F}
		{E423DDE0-EB79-4056-A8A1-8B3738DB5643} = {5C13B7A9-C904-4C74-BBE5-0FC3909E0E97}
		{8F10D209-7537-4598-9803-46DA8FE3F69C} = {5C13B7A9-C904-4C74-BBE5-0FC3909E0E97}
		{5C0CF863-E8E5-4A65-A741-2C85A9C30313} = {8F10D209-7537-4598-9803-46DA8FE3F69C}
		{FD8BDC44-A5A3-4433-AC42-28ACF94029F2} = {8F10D209-7537-4598-9803-46DA8FE3F69C}
		{D58F00C6-CAD2-4A56-9604-DED1D6B04098} = {8F10D209-7537-4598-9803-46DA8FE3F69C}
		{BBBDCFA3-1947-44EF-A92B-D883F0DEC53D} = {E423DDE0-EB79-4056-A8A1-8B3738DB5643}
		{99438693-4E9E-41D2-8EFF-F64CB9D04048} = {E423DDE0-EB79-4056-A8A1-8B3738DB5643}
		{DB967EAC-CB23-45B5-9810-EAD9741D8116} = {E423DDE0-EB79-4056-A8A1-8B3738DB5643}
		{F5E342A7-F7DF-4EA5-BBB7-69B5F9BBF158} = {822BD75B-03CF-4D51-BAD5-4D76B7BE3D29}
		{1055B9B0-594A-498F-824D-B60FBE7A6C87} = {822BD75B-03CF-4D51-BAD5-4D76B7BE3D29}
	EndGlobalSection
	GlobalSection(ExtensibilityGlobals) = postSolution
		SolutionGuid = {92846D07-22B1-4BD4-8C2C-2336678E8DB4}
	EndGlobalSection
EndGlobal
